
Microsoft Visual Studio Solution File, Format Version 12.00
# Visual Studio 15
VisualStudioVersion = 15.0.27703.2035
MinimumVisualStudioVersion = 10.0.40219.1
Project("{FAE04EC0-301F-11D3-BF4B-00C04F79EFBC}") = "BSHOrderManagementDemo1", "BSHOrderManagementDemo1\BSHOrderManagementDemo1.csproj", "{911927CD-80F2-4D73-93A9-3F2C508E1AEE}"
EndProject
Project("{E53339B2-1760-4266-BCC7-CA923CBCF16C}") = "docker-compose", "docker-compose.dcproj", "{13221A27-4A36-459E-A3D2-D237144F1C29}"
EndProject
Global
	GlobalSection(SolutionConfigurationPlatforms) = preSolution
		Debug|Any CPU = Debug|Any CPU
		Release|Any CPU = Release|Any CPU
	EndGlobalSection
	GlobalSection(ProjectConfigurationPlatforms) = postSolution
		{911927CD-80F2-4D73-93A9-3F2C508E1AEE}.Debug|Any CPU.ActiveCfg = Debug|Any CPU
		{911927CD-80F2-4D73-93A9-3F2C508E1AEE}.Debug|Any CPU.Build.0 = Debug|Any CPU
		{911927CD-80F2-4D73-93A9-3F2C508E1AEE}.Release|Any CPU.ActiveCfg = Release|Any CPU
		{911927CD-80F2-4D73-93A9-3F2C508E1AEE}.Release|Any CPU.Build.0 = Release|Any CPU
		{13221A27-4A36-459E-A3D2-D237144F1C29}.Debug|Any CPU.ActiveCfg = Debug|Any CPU
		{13221A27-4A36-459E-A3D2-D237144F1C29}.Debug|Any CPU.Build.0 = Debug|Any CPU
		{13221A27-4A36-459E-A3D2-D237144F1C29}.Release|Any CPU.ActiveCfg = Release|Any CPU
		{13221A27-4A36-459E-A3D2-D237144F1C29}.Release|Any CPU.Build.0 = Release|Any CPU
	EndGlobalSection
	GlobalSection(SolutionProperties) = preSolution
		HideSolutionNode = FALSE
	EndGlobalSection
	GlobalSection(ExtensibilityGlobals) = postSolution
		SolutionGuid = {8958D4A1-3C25-478E-819E-540209E728A2}
	EndGlobalSection
EndGlobal
